
Microsoft Visual Studio Solution File, Format Version 12.00
# Visual Studio Version 17
VisualStudioVersion = 17.9.34622.214
MinimumVisualStudioVersion = 10.0.40219.1
Project("{FAE04EC0-301F-11D3-BF4B-00C04F79EFBC}") = "Malovani", "Malovani\Malovani.csproj", "{324B604D-5EC9-4B3F-A883-E72A64ABA5AB}"
EndProject
Global
	GlobalSection(SolutionConfigurationPlatforms) = preSolution
		Debug|Any CPU = Debug|Any CPU
		Release|Any CPU = Release|Any CPU
	EndGlobalSection
	GlobalSection(ProjectConfigurationPlatforms) = postSolution
		{324B604D-5EC9-4B3F-A883-E72A64ABA5AB}.Debug|Any CPU.ActiveCfg = Debug|Any CPU
		{324B604D-5EC9-4B3F-A883-E72A64ABA5AB}.Debug|Any CPU.Build.0 = Debug|Any CPU
		{324B604D-5EC9-4B3F-A883-E72A64ABA5AB}.Release|Any CPU.ActiveCfg = Release|Any CPU
		{324B604D-5EC9-4B3F-A883-E72A64ABA5AB}.Release|Any CPU.Build.0 = Release|Any CPU
	EndGlobalSection
	GlobalSection(SolutionProperties) = preSolution
		HideSolutionNode = FALSE
	EndGlobalSection
	GlobalSection(ExtensibilityGlobals) = postSolution
		SolutionGuid = {D9236F7D-54DC-4002-8BDA-E0F05A477216}
	EndGlobalSection
EndGlobal
